schema: '2.0'
stages:
  stage_01_load_save:
    cmd: python src/stage_01_load_save.py --config=configs/config.yaml --params=params.yaml
    deps:
    - path: configs/config.yaml
      md5: c5e5c1addfeefb0007d8c4b8e56e38d8
      size: 838
    - path: src/stage_01_load_save.py
      md5: 4592be81e761dde92f73a5bc888b9a3d
      size: 2792
    - path: src/utils/all_utils.py
      md5: 8629b689062650ae7f9889866306a797
      size: 6899
    params:
      params.yaml:
        TrainingArgument.run_name: albert-base-v2_Run_DVC_2
    outs:
    - path: artifacts/Data/atis_intents.csv
      md5: 9f19d740a9876212b24bc0dd89b508a1
      size: 391936
    - path: artifacts/Data/atis_intents_test.csv
      md5: 512f03dfe6642cfcddb63d59ea93df20
      size: 58152
    - path: artifacts/Data/atis_intents_train.csv
      md5: d7358f4c0510c4e3263adbecf6227cf6
      size: 381136
  stage_02_prepare_data:
    cmd: python src/stage_02_prepare_dataset.py --config=configs/config.yaml --params=params.yaml
    deps:
    - path: artifacts/Data/atis_intents.csv
      md5: 9f19d740a9876212b24bc0dd89b508a1
      size: 391936
    - path: configs/config.yaml
      md5: c5e5c1addfeefb0007d8c4b8e56e38d8
      size: 838
    - path: src/stage_02_prepare_dataset.py
      md5: 3933750ba2545494c8531fa67478c1ce
      size: 4353
    - path: src/utils/all_utils.py
      md5: 8629b689062650ae7f9889866306a797
      size: 6899
    params:
      params.yaml:
        Dataset.test_size: 0.1
        TrainingArgument.run_name: albert-base-v2_Run_DVC_2
        model.base_model: albert-base-v2
        model.max_length: 128
        model.padding: max_length
        model.truncation: true
        model.use_fast: true
    outs:
    - path: artifacts/Data/Dataset
      md5: 0f9000cab0f35c0846159ecf231a7f08.dir
      size: 3931995
      nfiles: 7
    - path: artifacts/Data/id2label.json
      md5: 4eb8692137a88c2bfb00f3d41e3f59b9
      size: 707
    - path: artifacts/Data/label2id.json
      md5: c5791b32b443d9521edf3ac383748985
      size: 663
    - path: artifacts/Data/label_num.json
      md5: 720ce1dfb128c5878d779d4ad13c3073
      size: 31
    - path: artifacts/base_model
      md5: 9ac923b40c55fdf3a26ce780c2d0cc6c.dir
      size: 2074033
      nfiles: 6
  stage_03_dataset_split:
    cmd: python src/stage_03_train_test_split_dataset.py --config=configs/config.yaml
      --params=params.yaml
    deps:
    - path: artifacts/Data/Data.csv
      md5: c63b12fede80cb3caabe3e53703f1938
      size: 3986929
    - path: configs/config.yaml
      md5: 688a3e75e8fa814c595f92a3439c778a
      size: 816
    - path: src/stage_03_train_test_split_dataset.py
      md5: f1755275c4c9c1511a491a27148d5250
      size: 2283
    - path: src/utils/all_utils.py
      md5: a62828a899b7c1f640022613cc360b66
      size: 3931
    params:
      params.yaml:
        Dataset.test_size: 0.1
    outs:
    - path: artifacts/Data/Dataset
      md5: 9878c49cd151fe21328d22518eb2bc18.dir
      size: 4023371
      nfiles: 7
  stage_03_Train:
    cmd: python src/stage_03_train.py --config=configs/config.yaml --params=params.yaml
    deps:
    - path: artifacts/Data/Dataset
      md5: 0f9000cab0f35c0846159ecf231a7f08.dir
      size: 3931995
      nfiles: 7
    - path: artifacts/Data/label_num.json
      md5: 720ce1dfb128c5878d779d4ad13c3073
      size: 31
    - path: configs/config.yaml
      md5: c5e5c1addfeefb0007d8c4b8e56e38d8
      size: 838
    - path: src/stage_03_train.py
      md5: 6343c9d90f8147373cebc8da5f594e9c
      size: 7588
    - path: src/utils/all_utils.py
      md5: 8629b689062650ae7f9889866306a797
      size: 6899
    params:
      params.yaml:
        TrainingArgument.Cuda: false
        TrainingArgument.Early_Stopping_patience: 2
        TrainingArgument.Evaluation_Strategy: epoch
        TrainingArgument.Learning_Rate: 2e-05
        TrainingArgument.Load_Best_Model_At_End: true
        TrainingArgument.Num_Train_Epochs: 3
        TrainingArgument.Output_Dir: artifacts/Sentence-Classif
        TrainingArgument.Per_Device_Eval_Batch_Size: 16
        TrainingArgument.Per_Device_Train_Batch_Size: 16
        TrainingArgument.Save_Strategy: epoch
        TrainingArgument.Save_Total_Limit: 5
        TrainingArgument.WANDB_PROJECT: Text_Classification
        TrainingArgument.Warmup_Ratio: 0.1
        TrainingArgument.Weight_Decay: 0.01
        TrainingArgument.metric_name: matthews_correlation
        TrainingArgument.report_to: wandb
        TrainingArgument.run_name: albert-base-v2_Run_DVC_2
        model.base_model: albert-base-v2
        model.max_length: 128
        model.padding: max_length
        model.truncation: true
        model.use_fast: true
    outs:
    - path: artifacts/Best_Model
      md5: 42c328050a5e03b8f0985bd6e2c9b85c.dir
      size: 48135438
      nfiles: 7
    - path: artifacts/Sentence-Classif
      md5: e53a5267e2d69dd84ff0859496350ecf.dir
      size: 425307630
      nfiles: 30
    - path: wandb
      md5: 1115e30ad1b7082e179656fe72c6f7f1.dir
      size: 524792
      nfiles: 9
