schema: '2.0'
stages:
  stage_01_load_save:
    cmd: python src/stage_01_load_save.py --config=configs/config.yaml
    deps:
    - path: configs/config.yaml
      md5: 688a3e75e8fa814c595f92a3439c778a
      size: 816
    - path: src/stage_01_load_save.py
      md5: b6794d9e081ca227b75e0b84e03107e6
      size: 2128
    - path: src/utils/all_utils.py
      md5: a62828a899b7c1f640022613cc360b66
      size: 3931
    outs:
    - path: artifacts/Data/atis_intents.csv
      md5: 9f19d740a9876212b24bc0dd89b508a1
      size: 391936
    - path: artifacts/Data/atis_intents_test.csv
      md5: 512f03dfe6642cfcddb63d59ea93df20
      size: 58152
    - path: artifacts/Data/atis_intents_train.csv
      md5: d7358f4c0510c4e3263adbecf6227cf6
      size: 381136
  stage_02_prepare_data:
    cmd: python src/stage_02_prepare_data.py --config=configs/config.yaml --params=params.yaml
    deps:
    - path: artifacts/Data/atis_intents.csv
      md5: 9f19d740a9876212b24bc0dd89b508a1
      size: 391936
    - path: configs/config.yaml
      md5: 688a3e75e8fa814c595f92a3439c778a
      size: 816
    - path: src/stage_02_prepare_data.py
      md5: bc3a892fd762d607ba6deccd7176d487
      size: 3723
    - path: src/utils/all_utils.py
      md5: a62828a899b7c1f640022613cc360b66
      size: 3931
    params:
      params.yaml:
        model.base_model: albert-base-v2
        model.max_length: 128
        model.padding: max_length
        model.truncation: true
        model.use_fast: true
    outs:
    - path: artifacts/Data/Data.csv
      md5: c63b12fede80cb3caabe3e53703f1938
      size: 3986929
    - path: artifacts/Data/id2label.json
      md5: 4eb8692137a88c2bfb00f3d41e3f59b9
      size: 707
    - path: artifacts/Data/label2id.json
      md5: c5791b32b443d9521edf3ac383748985
      size: 663
    - path: artifacts/Data/label_num.json
      md5: 720ce1dfb128c5878d779d4ad13c3073
      size: 31
    - path: artifacts/base_model
      md5: 9ac923b40c55fdf3a26ce780c2d0cc6c.dir
      size: 2074033
      nfiles: 6
  stage_03_dataset_split:
    cmd: python src/stage_03_train_test_split_dataset.py --config=configs/config.yaml
      --params=params.yaml
    deps:
    - path: artifacts/Data/Data.csv
      md5: c63b12fede80cb3caabe3e53703f1938
      size: 3986929
    - path: configs/config.yaml
      md5: 688a3e75e8fa814c595f92a3439c778a
      size: 816
    - path: src/stage_03_train_test_split_dataset.py
      md5: f1755275c4c9c1511a491a27148d5250
      size: 2283
    - path: src/utils/all_utils.py
      md5: a62828a899b7c1f640022613cc360b66
      size: 3931
    params:
      params.yaml:
        Dataset.test_size: 0.1
    outs:
    - path: artifacts/Data/Dataset
      md5: 9878c49cd151fe21328d22518eb2bc18.dir
      size: 4023371
      nfiles: 7
